// !$*UTF8*$!
{
	archiveVersion = 1;
	classes = {
	};
	objectVersion = 55;
	objects = {

/* Begin PBXBuildFile section */
		DF7A404A28231FFD0040310A /* HackspacesApp.swift in Sources */ = {isa = PBXBuildFile; fileRef = DF7A404928231FFD0040310A /* HackspacesApp.swift */; };
		DF7A404C28231FFD0040310A /* ContentView.swift in Sources */ = {isa = PBXBuildFile; fileRef = DF7A404B28231FFD0040310A /* ContentView.swift */; };
		DF7A404E28231FFE0040310A /* Assets.xcassets in Resources */ = {isa = PBXBuildFile; fileRef = DF7A404D28231FFE0040310A /* Assets.xcassets */; };
		DF7A405128231FFE0040310A /* Preview Assets.xcassets in Resources */ = {isa = PBXBuildFile; fileRef = DF7A405028231FFE0040310A /* Preview Assets.xcassets */; };
		DF7A405B28231FFE0040310A /* HackspacesTests.swift in Sources */ = {isa = PBXBuildFile; fileRef = DF7A405A28231FFE0040310A /* HackspacesTests.swift */; };
		DF7A406528231FFE0040310A /* HackspacesUITests.swift in Sources */ = {isa = PBXBuildFile; fileRef = DF7A406428231FFE0040310A /* HackspacesUITests.swift */; };
		DF7A406728231FFE0040310A /* HackspacesUITestsLaunchTests.swift in Sources */ = {isa = PBXBuildFile; fileRef = DF7A406628231FFE0040310A /* HackspacesUITestsLaunchTests.swift */; };
/* End PBXBuildFile section */

/* Begin PBXContainerItemProxy section */
		DF7A405728231FFE0040310A /* PBXContainerItemProxy */ = {
			isa = PBXContainerItemProxy;
			containerPortal = DF7A403E28231FFD0040310A /* Project object */;
			proxyType = 1;
			remoteGlobalIDString = DF7A404528231FFD0040310A;
			remoteInfo = hackspaces;
		};
		DF7A406128231FFE0040310A /* PBXContainerItemProxy */ = {
			isa = PBXContainerItemProxy;
			containerPortal = DF7A403E28231FFD0040310A /* Project object */;
			proxyType = 1;
			remoteGlobalIDString = DF7A404528231FFD0040310A;
			remoteInfo = hackspaces;
		};
/* End PBXContainerItemProxy section */

/* Begin PBXFileReference section */
		DF7A404628231FFD0040310A /* Hackspaces.app */ = {isa = PBXFileReference; explicitFileType = wrapper.application; includeInIndex = 0; path = Hackspaces.app; sourceTree = BUILT_PRODUCTS_DIR; };
		DF7A404928231FFD0040310A /* HackspacesApp.swift */ = {isa = PBXFileReference; lastKnownFileType = sourcecode.swift; path = HackspacesApp.swift; sourceTree = "<group>"; };
		DF7A404B28231FFD0040310A /* ContentView.swift */ = {isa = PBXFileReference; lastKnownFileType = sourcecode.swift; path = ContentView.swift; sourceTree = "<group>"; };
		DF7A404D28231FFE0040310A /* Assets.xcassets */ = {isa = PBXFileReference; lastKnownFileType = folder.assetcatalog; path = Assets.xcassets; sourceTree = "<group>"; };
		DF7A405028231FFE0040310A /* Preview Assets.xcassets */ = {isa = PBXFileReference; lastKnownFileType = folder.assetcatalog; path = "Preview Assets.xcassets"; sourceTree = "<group>"; };
		DF7A405628231FFE0040310A /* HackspacesTests.xctest */ = {isa = PBXFileReference; explicitFileType = wrapper.cfbundle; includeInIndex = 0; path = HackspacesTests.xctest; sourceTree = BUILT_PRODUCTS_DIR; };
		DF7A405A28231FFE0040310A /* HackspacesTests.swift */ = {isa = PBXFileReference; lastKnownFileType = sourcecode.swift; path = HackspacesTests.swift; sourceTree = "<group>"; };
		DF7A406028231FFE0040310A /* HackspacesUITests.xctest */ = {isa = PBXFileReference; explicitFileType = wrapper.cfbundle; includeInIndex = 0; path = HackspacesUITests.xctest; sourceTree = BUILT_PRODUCTS_DIR; };
		DF7A406428231FFE0040310A /* HackspacesUITests.swift */ = {isa = PBXFileReference; lastKnownFileType = sourcecode.swift; path = HackspacesUITests.swift; sourceTree = "<group>"; };
		DF7A406628231FFE0040310A /* HackspacesUITestsLaunchTests.swift */ = {isa = PBXFileReference; lastKnownFileType = sourcecode.swift; path = HackspacesUITestsLaunchTests.swift; sourceTree = "<group>"; };
/* End PBXFileReference section */

/* Begin PBXFrameworksBuildPhase section */
		DF7A404328231FFD0040310A /* Frameworks */ = {
			isa = PBXFrameworksBuildPhase;
			buildActionMask = 2147483647;
			files = (
			);
			runOnlyForDeploymentPostprocessing = 0;
		};
		DF7A405328231FFE0040310A /* Frameworks */ = {
			isa = PBXFrameworksBuildPhase;
			buildActionMask = 2147483647;
			files = (
			);
			runOnlyForDeploymentPostprocessing = 0;
		};
		DF7A405D28231FFE0040310A /* Frameworks */ = {
			isa = PBXFrameworksBuildPhase;
			buildActionMask = 2147483647;
			files = (
			);
			runOnlyForDeploymentPostprocessing = 0;
		};
/* End PBXFrameworksBuildPhase section */

/* Begin PBXGroup section */
		DF7A403D28231FFD0040310A = {
			isa = PBXGroup;
			children = (
				DF7A404828231FFD0040310A /* Hackspaces */,
				DF7A405928231FFE0040310A /* HackspacesTests */,
				DF7A406328231FFE0040310A /* HackspacesUITests */,
				DF7A404728231FFD0040310A /* Products */,
			);
			sourceTree = "<group>";
		};
		DF7A404728231FFD0040310A /* Products */ = {
			isa = PBXGroup;
			children = (
				DF7A404628231FFD0040310A /* Hackspaces.app */,
				DF7A405628231FFE0040310A /* HackspacesTests.xctest */,
				DF7A406028231FFE0040310A /* HackspacesUITests.xctest */,
			);
			name = Products;
			sourceTree = "<group>";
		};
		DF7A404828231FFD0040310A /* Hackspaces */ = {
			isa = PBXGroup;
			children = (
				DF7A404928231FFD0040310A /* HackspacesApp.swift */,
				DF7A4073282324A50040310A /* Views */,
				DF7A4075282324EE0040310A /* Models */,
				DF7A4074282324B70040310A /* Resources */,
				DF7A404F28231FFE0040310A /* Preview Content */,
			);
			path = Hackspaces;
			sourceTree = "<group>";
		};
		DF7A404F28231FFE0040310A /* Preview Content */ = {
			isa = PBXGroup;
			children = (
				DF7A405028231FFE0040310A /* Preview Assets.xcassets */,
			);
			path = "Preview Content";
			sourceTree = "<group>";
		};
		DF7A405928231FFE0040310A /* HackspacesTests */ = {
			isa = PBXGroup;
			children = (
				DF7A405A28231FFE0040310A /* HackspacesTests.swift */,
			);
			path = HackspacesTests;
			sourceTree = "<group>";
		};
		DF7A406328231FFE0040310A /* HackspacesUITests */ = {
			isa = PBXGroup;
			children = (
				DF7A406428231FFE0040310A /* HackspacesUITests.swift */,
				DF7A406628231FFE0040310A /* HackspacesUITestsLaunchTests.swift */,
			);
			path = HackspacesUITests;
			sourceTree = "<group>";
		};
		DF7A4073282324A50040310A /* Views */ = {
			isa = PBXGroup;
			children = (
				DF7A404B28231FFD0040310A /* ContentView.swift */,
			);
			path = Views;
			sourceTree = "<group>";
		};
		DF7A4074282324B70040310A /* Resources */ = {
			isa = PBXGroup;
			children = (
				DF7A404D28231FFE0040310A /* Assets.xcassets */,
			);
			path = Resources;
			sourceTree = "<group>";
		};
		DF7A4075282324EE0040310A /* Models */ = {
			isa = PBXGroup;
			children = (
			);
			path = Models;
			sourceTree = "<group>";
		};
/* End PBXGroup section */

/* Begin PBXNativeTarget section */
		DF7A404528231FFD0040310A /* Hackspaces */ = {
			isa = PBXNativeTarget;
			buildConfigurationList = DF7A406A28231FFE0040310A /* Build configuration list for PBXNativeTarget "Hackspaces" */;
			buildPhases = (
				DF7A407628243A6C0040310A /* SwiftLint */,
				DF7A404228231FFD0040310A /* Sources */,
				DF7A404328231FFD0040310A /* Frameworks */,
				DF7A404428231FFD0040310A /* Resources */,
			);
			buildRules = (
			);
			dependencies = (
			);
			name = Hackspaces;
			productName = hackspaces;
			productReference = DF7A404628231FFD0040310A /* Hackspaces.app */;
			productType = "com.apple.product-type.application";
		};
		DF7A405528231FFE0040310A /* HackspacesTests */ = {
			isa = PBXNativeTarget;
			buildConfigurationList = DF7A406D28231FFE0040310A /* Build configuration list for PBXNativeTarget "HackspacesTests" */;
			buildPhases = (
				DF7A405228231FFE0040310A /* Sources */,
				DF7A405328231FFE0040310A /* Frameworks */,
				DF7A405428231FFE0040310A /* Resources */,
			);
			buildRules = (
			);
			dependencies = (
				DF7A405828231FFE0040310A /* PBXTargetDependency */,
			);
			name = HackspacesTests;
			productName = hackspacesTests;
			productReference = DF7A405628231FFE0040310A /* HackspacesTests.xctest */;
			productType = "com.apple.product-type.bundle.unit-test";
		};
		DF7A405F28231FFE0040310A /* HackspacesUITests */ = {
			isa = PBXNativeTarget;
			buildConfigurationList = DF7A407028231FFE0040310A /* Build configuration list for PBXNativeTarget "HackspacesUITests" */;
			buildPhases = (
				DF7A405C28231FFE0040310A /* Sources */,
				DF7A405D28231FFE0040310A /* Frameworks */,
				DF7A405E28231FFE0040310A /* Resources */,
			);
			buildRules = (
			);
			dependencies = (
				DF7A406228231FFE0040310A /* PBXTargetDependency */,
			);
			name = HackspacesUITests;
			productName = hackspacesUITests;
			productReference = DF7A406028231FFE0040310A /* HackspacesUITests.xctest */;
			productType = "com.apple.product-type.bundle.ui-testing";
		};
/* End PBXNativeTarget section */

/* Begin PBXProject section */
		DF7A403E28231FFD0040310A /* Project object */ = {
			isa = PBXProject;
			attributes = {
				BuildIndependentTargetsInParallel = 1;
				LastSwiftUpdateCheck = 1330;
				LastUpgradeCheck = 1330;
				TargetAttributes = {
					DF7A404528231FFD0040310A = {
						CreatedOnToolsVersion = 13.3.1;
					};
					DF7A405528231FFE0040310A = {
						CreatedOnToolsVersion = 13.3.1;
						TestTargetID = DF7A404528231FFD0040310A;
					};
					DF7A405F28231FFE0040310A = {
						CreatedOnToolsVersion = 13.3.1;
						TestTargetID = DF7A404528231FFD0040310A;
					};
				};
			};
			buildConfigurationList = DF7A404128231FFD0040310A /* Build configuration list for PBXProject "Hackspaces" */;
			compatibilityVersion = "Xcode 13.0";
			developmentRegion = en;
			hasScannedForEncodings = 0;
			knownRegions = (
				en,
				Base,
			);
			mainGroup = DF7A403D28231FFD0040310A;
			productRefGroup = DF7A404728231FFD0040310A /* Products */;
			projectDirPath = "";
			projectRoot = "";
			targets = (
				DF7A404528231FFD0040310A /* Hackspaces */,
				DF7A405528231FFE0040310A /* HackspacesTests */,
				DF7A405F28231FFE0040310A /* HackspacesUITests */,
			);
		};
/* End PBXProject section */

/* Begin PBXResourcesBuildPhase section */
		DF7A404428231FFD0040310A /* Resources */ = {
			isa = PBXResourcesBuildPhase;
			buildActionMask = 2147483647;
			files = (
				DF7A405128231FFE0040310A /* Preview Assets.xcassets in Resources */,
				DF7A404E28231FFE0040310A /* Assets.xcassets in Resources */,
			);
			runOnlyForDeploymentPostprocessing = 0;
		};
		DF7A405428231FFE0040310A /* Resources */ = {
			isa = PBXResourcesBuildPhase;
			buildActionMask = 2147483647;
			files = (
			);
			runOnlyForDeploymentPostprocessing = 0;
		};
		DF7A405E28231FFE0040310A /* Resources */ = {
			isa = PBXResourcesBuildPhase;
			buildActionMask = 2147483647;
			files = (
			);
			runOnlyForDeploymentPostprocessing = 0;
		};
/* End PBXResourcesBuildPhase section */

/* Begin PBXShellScriptBuildPhase section */
		DF7A407628243A6C0040310A /* SwiftLint */ = {
			isa = PBXShellScriptBuildPhase;
			alwaysOutOfDate = 1;
			buildActionMask = 2147483647;
			files = (
			);
			inputFileListPaths = (
			);
			inputPaths = (
			);
			name = SwiftLint;
			outputFileListPaths = (
			);
			outputPaths = (
			);
			runOnlyForDeploymentPostprocessing = 0;
			shellPath = /bin/sh;
			shellScript = "if which swiftlint >/dev/null; then\n    swiftlint --fix && swiftlint\nelse\n    echo \"warning: SwiftLint not installed, download from https://github.com/realm/SwiftLint\"\nfi\n";
		};
/* End PBXShellScriptBuildPhase section */

/* Begin PBXSourcesBuildPhase section */
		DF7A404228231FFD0040310A /* Sources */ = {
			isa = PBXSourcesBuildPhase;
			buildActionMask = 2147483647;
			files = (
				DF7A404C28231FFD0040310A /* ContentView.swift in Sources */,
				DF7A404A28231FFD0040310A /* HackspacesApp.swift in Sources */,
			);
			runOnlyForDeploymentPostprocessing = 0;
		};
		DF7A405228231FFE0040310A /* Sources */ = {
			isa = PBXSourcesBuildPhase;
			buildActionMask = 2147483647;
			files = (
				DF7A405B28231FFE0040310A /* HackspacesTests.swift in Sources */,
			);
			runOnlyForDeploymentPostprocessing = 0;
		};
		DF7A405C28231FFE0040310A /* Sources */ = {
			isa = PBXSourcesBuildPhase;
			buildActionMask = 2147483647;
			files = (
				DF7A406728231FFE0040310A /* HackspacesUITestsLaunchTests.swift in Sources */,
				DF7A406528231FFE0040310A /* HackspacesUITests.swift in Sources */,
			);
			runOnlyForDeploymentPostprocessing = 0;
		};
/* End PBXSourcesBuildPhase section */

/* Begin PBXTargetDependency section */
		DF7A405828231FFE0040310A /* PBXTargetDependency */ = {
			isa = PBXTargetDependency;
			target = DF7A404528231FFD0040310A /* Hackspaces */;
			targetProxy = DF7A405728231FFE0040310A /* PBXContainerItemProxy */;
		};
		DF7A406228231FFE0040310A /* PBXTargetDependency */ = {
			isa = PBXTargetDependency;
			target = DF7A404528231FFD0040310A /* Hackspaces */;
			targetProxy = DF7A406128231FFE0040310A /* PBXContainerItemProxy */;
		};
/* End PBXTargetDependency section */

/* Begin XCBuildConfiguration section */
		DF7A406828231FFE0040310A /* Debug */ = {
			isa = XCBuildConfiguration;
			buildSettings = {
				ALWAYS_SEARCH_USER_PATHS = NO;
				CLANG_ANALYZER_NONNULL = YES;
				CLANG_ANALYZER_NUMBER_OBJECT_CONVERSION = YES_AGGRESSIVE;
				CLANG_CXX_LANGUAGE_STANDARD = "gnu++17";
				CLANG_ENABLE_MODULES = YES;
				CLANG_ENABLE_OBJC_ARC = YES;
				CLANG_ENABLE_OBJC_WEAK = YES;
				CLANG_WARN_BLOCK_CAPTURE_AUTORELEASING = YES;
				CLANG_WARN_BOOL_CONVERSION = YES;
				CLANG_WARN_COMMA = YES;
				CLANG_WARN_CONSTANT_CONVERSION = YES;
				CLANG_WARN_DEPRECATED_OBJC_IMPLEMENTATIONS = YES;
				CLANG_WARN_DIRECT_OBJC_ISA_USAGE = YES_ERROR;
				CLANG_WARN_DOCUMENTATION_COMMENTS = YES;
				CLANG_WARN_EMPTY_BODY = YES;
				CLANG_WARN_ENUM_CONVERSION = YES;
				CLANG_WARN_INFINITE_RECURSION = YES;
				CLANG_WARN_INT_CONVERSION = YES;
				CLANG_WARN_NON_LITERAL_NULL_CONVERSION = YES;
				CLANG_WARN_OBJC_IMPLICIT_RETAIN_SELF = YES;
				CLANG_WARN_OBJC_LITERAL_CONVERSION = YES;
				CLANG_WARN_OBJC_ROOT_CLASS = YES_ERROR;
				CLANG_WARN_QUOTED_INCLUDE_IN_FRAMEWORK_HEADER = YES;
				CLANG_WARN_RANGE_LOOP_ANALYSIS = YES;
				CLANG_WARN_STRICT_PROTOTYPES = YES;
				CLANG_WARN_SUSPICIOUS_MOVE = YES;
				CLANG_WARN_UNGUARDED_AVAILABILITY = YES_AGGRESSIVE;
				CLANG_WARN_UNREACHABLE_CODE = YES;
				CLANG_WARN__DUPLICATE_METHOD_MATCH = YES;
				COPY_PHASE_STRIP = NO;
				DEBUG_INFORMATION_FORMAT = dwarf;
				ENABLE_STRICT_OBJC_MSGSEND = YES;
				ENABLE_TESTABILITY = YES;
				GCC_C_LANGUAGE_STANDARD = gnu11;
				GCC_DYNAMIC_NO_PIC = NO;
				GCC_NO_COMMON_BLOCKS = YES;
				GCC_OPTIMIZATION_LEVEL = 0;
				GCC_PREPROCESSOR_DEFINITIONS = (
					"DEBUG=1",
					"$(inherited)",
				);
				GCC_WARN_64_TO_32_BIT_CONVERSION = YES;
				GCC_WARN_ABOUT_RETURN_TYPE = YES_ERROR;
				GCC_WARN_UNDECLARED_SELECTOR = YES;
				GCC_WARN_UNINITIALIZED_AUTOS = YES_AGGRESSIVE;
				GCC_WARN_UNUSED_FUNCTION = YES;
				GCC_WARN_UNUSED_VARIABLE = YES;
				IPHONEOS_DEPLOYMENT_TARGET = 15.4;
				MTL_ENABLE_DEBUG_INFO = INCLUDE_SOURCE;
				MTL_FAST_MATH = YES;
				ONLY_ACTIVE_ARCH = YES;
				SDKROOT = iphoneos;
				SWIFT_ACTIVE_COMPILATION_CONDITIONS = DEBUG;
				SWIFT_OPTIMIZATION_LEVEL = "-Onone";
			};
			name = Debug;
		};
		DF7A406928231FFE0040310A /* Release */ = {
			isa = XCBuildConfiguration;
			buildSettings = {
				ALWAYS_SEARCH_USER_PATHS = NO;
				CLANG_ANALYZER_NONNULL = YES;
				CLANG_ANALYZER_NUMBER_OBJECT_CONVERSION = YES_AGGRESSIVE;
				CLANG_CXX_LANGUAGE_STANDARD = "gnu++17";
				CLANG_ENABLE_MODULES = YES;
				CLANG_ENABLE_OBJC_ARC = YES;
				CLANG_ENABLE_OBJC_WEAK = YES;
				CLANG_WARN_BLOCK_CAPTURE_AUTORELEASING = YES;
				CLANG_WARN_BOOL_CONVERSION = YES;
				CLANG_WARN_COMMA = YES;
				CLANG_WARN_CONSTANT_CONVERSION = YES;
				CLANG_WARN_DEPRECATED_OBJC_IMPLEMENTATIONS = YES;
				CLANG_WARN_DIRECT_OBJC_ISA_USAGE = YES_ERROR;
				CLANG_WARN_DOCUMENTATION_COMMENTS = YES;
				CLANG_WARN_EMPTY_BODY = YES;
				CLANG_WARN_ENUM_CONVERSION = YES;
				CLANG_WARN_INFINITE_RECURSION = YES;
				CLANG_WARN_INT_CONVERSION = YES;
				CLANG_WARN_NON_LITERAL_NULL_CONVERSION = YES;
				CLANG_WARN_OBJC_IMPLICIT_RETAIN_SELF = YES;
				CLANG_WARN_OBJC_LITERAL_CONVERSION = YES;
				CLANG_WARN_OBJC_ROOT_CLASS = YES_ERROR;
				CLANG_WARN_QUOTED_INCLUDE_IN_FRAMEWORK_HEADER = YES;
				CLANG_WARN_RANGE_LOOP_ANALYSIS = YES;
				CLANG_WARN_STRICT_PROTOTYPES = YES;
				CLANG_WARN_SUSPICIOUS_MOVE = YES;
				CLANG_WARN_UNGUARDED_AVAILABILITY = YES_AGGRESSIVE;
				CLANG_WARN_UNREACHABLE_CODE = YES;
				CLANG_WARN__DUPLICATE_METHOD_MATCH = YES;
				COPY_PHASE_STRIP = NO;
				DEBUG_INFORMATION_FORMAT = "dwarf-with-dsym";
				ENABLE_NS_ASSERTIONS = NO;
				ENABLE_STRICT_OBJC_MSGSEND = YES;
				GCC_C_LANGUAGE_STANDARD = gnu11;
				GCC_NO_COMMON_BLOCKS = YES;
				GCC_WARN_64_TO_32_BIT_CONVERSION = YES;
				GCC_WARN_ABOUT_RETURN_TYPE = YES_ERROR;
				GCC_WARN_UNDECLARED_SELECTOR = YES;
				GCC_WARN_UNINITIALIZED_AUTOS = YES_AGGRESSIVE;
				GCC_WARN_UNUSED_FUNCTION = YES;
				GCC_WARN_UNUSED_VARIABLE = YES;
				IPHONEOS_DEPLOYMENT_TARGET = 15.4;
				MTL_ENABLE_DEBUG_INFO = NO;
				MTL_FAST_MATH = YES;
				SDKROOT = iphoneos;
				SWIFT_COMPILATION_MODE = wholemodule;
				SWIFT_OPTIMIZATION_LEVEL = "-O";
				VALIDATE_PRODUCT = YES;
			};
			name = Release;
		};
		DF7A406B28231FFE0040310A /* Debug */ = {
			isa = XCBuildConfiguration;
			buildSettings = {
				ASSETCATALOG_COMPILER_APPICON_NAME = AppIcon;
				ASSETCATALOG_COMPILER_GLOBAL_ACCENT_COLOR_NAME = AccentColor;
				ASSETCATALOG_COMPILER_INCLUDE_ALL_APPICON_ASSETS = NO;
				CODE_SIGN_STYLE = Automatic;
				CURRENT_PROJECT_VERSION = 1;
				DEVELOPMENT_ASSET_PATHS = "\"hackspaces/Preview Content\"";
				DEVELOPMENT_TEAM = 3H9LYTUKJE;
				ENABLE_PREVIEWS = YES;
				GENERATE_INFOPLIST_FILE = YES;
				INFOPLIST_KEY_UIApplicationSceneManifest_Generation = YES;
				INFOPLIST_KEY_UIApplicationSupportsIndirectInputEvents = YES;
				INFOPLIST_KEY_UILaunchScreen_Generation = YES;
				INFOPLIST_KEY_UISupportedInterfaceOrientations = UIInterfaceOrientationPortrait;
				INFOPLIST_KEY_UISupportedInterfaceOrientations_iPad = "UIInterfaceOrientationPortrait UIInterfaceOrientationPortraitUpsideDown UIInterfaceOrientationLandscapeLeft UIInterfaceOrientationLandscapeRight";
				INFOPLIST_KEY_UISupportedInterfaceOrientations_iPhone = "UIInterfaceOrientationPortrait UIInterfaceOrientationLandscapeLeft UIInterfaceOrientationLandscapeRight";
				LD_RUNPATH_SEARCH_PATHS = (
					"$(inherited)",
					"@executable_path/Frameworks",
				);
				MARKETING_VERSION = 1.0;
				PRODUCT_BUNDLE_IDENTIFIER = de.sportfloh.hackspaces;
				PRODUCT_NAME = "$(TARGET_NAME)";
				SWIFT_EMIT_LOC_STRINGS = YES;
				SWIFT_VERSION = 5.0;
				TARGETED_DEVICE_FAMILY = 1;
			};
			name = Debug;
		};
		DF7A406C28231FFE0040310A /* Release */ = {
			isa = XCBuildConfiguration;
			buildSettings = {
				ASSETCATALOG_COMPILER_APPICON_NAME = AppIcon;
				ASSETCATALOG_COMPILER_GLOBAL_ACCENT_COLOR_NAME = AccentColor;
				ASSETCATALOG_COMPILER_INCLUDE_ALL_APPICON_ASSETS = NO;
				CODE_SIGN_STYLE = Automatic;
				CURRENT_PROJECT_VERSION = 1;
				DEVELOPMENT_ASSET_PATHS = "\"hackspaces/Preview Content\"";
				DEVELOPMENT_TEAM = 3H9LYTUKJE;
				ENABLE_PREVIEWS = YES;
				GENERATE_INFOPLIST_FILE = YES;
				INFOPLIST_KEY_UIApplicationSceneManifest_Generation = YES;
				INFOPLIST_KEY_UIApplicationSupportsIndirectInputEvents = YES;
				INFOPLIST_KEY_UILaunchScreen_Generation = YES;
				INFOPLIST_KEY_UISupportedInterfaceOrientations = UIInterfaceOrientationPortrait;
				INFOPLIST_KEY_UISupportedInterfaceOrientations_iPad = "UIInterfaceOrientationPortrait UIInterfaceOrientationPortraitUpsideDown UIInterfaceOrientationLandscapeLeft UIInterfaceOrientationLandscapeRight";
				INFOPLIST_KEY_UISupportedInterfaceOrientations_iPhone = "UIInterfaceOrientationPortrait UIInterfaceOrientationLandscapeLeft UIInterfaceOrientationLandscapeRight";
				LD_RUNPATH_SEARCH_PATHS = (
					"$(inherited)",
					"@executable_path/Frameworks",
				);
				MARKETING_VERSION = 1.0;
				PRODUCT_BUNDLE_IDENTIFIER = de.sportfloh.hackspaces;
				PRODUCT_NAME = "$(TARGET_NAME)";
				SWIFT_EMIT_LOC_STRINGS = YES;
				SWIFT_VERSION = 5.0;
				TARGETED_DEVICE_FAMILY = 1;
			};
			name = Release;
		};
		DF7A406E28231FFE0040310A /* Debug */ = {
			isa = XCBuildConfiguration;
			buildSettings = {
				ALWAYS_EMBED_SWIFT_STANDARD_LIBRARIES = YES;
				BUNDLE_LOADER = "$(TEST_HOST)";
				CODE_SIGN_STYLE = Automatic;
				CURRENT_PROJECT_VERSION = 1;
				DEVELOPMENT_TEAM = 3H9LYTUKJE;
				GENERATE_INFOPLIST_FILE = YES;
				IPHONEOS_DEPLOYMENT_TARGET = 15.4;
				MARKETING_VERSION = 1.0;
				PRODUCT_BUNDLE_IDENTIFIER = de.sportfloh.hackspacesTests;
				PRODUCT_NAME = "$(TARGET_NAME)";
				SWIFT_EMIT_LOC_STRINGS = NO;
				SWIFT_VERSION = 5.0;
				TARGETED_DEVICE_FAMILY = "1,2";
				TEST_HOST = "$(BUILT_PRODUCTS_DIR)/Hackspaces.app/Hackspaces";
			};
			name = Debug;
		};
		DF7A406F28231FFE0040310A /* Release */ = {
			isa = XCBuildConfiguration;
			buildSettings = {
				ALWAYS_EMBED_SWIFT_STANDARD_LIBRARIES = YES;
				BUNDLE_LOADER = "$(TEST_HOST)";
				CODE_SIGN_STYLE = Automatic;
				CURRENT_PROJECT_VERSION = 1;
				DEVELOPMENT_TEAM = 3H9LYTUKJE;
				GENERATE_INFOPLIST_FILE = YES;
				IPHONEOS_DEPLOYMENT_TARGET = 15.4;
				MARKETING_VERSION = 1.0;
				PRODUCT_BUNDLE_IDENTIFIER = de.sportfloh.hackspacesTests;
				PRODUCT_NAME = "$(TARGET_NAME)";
				SWIFT_EMIT_LOC_STRINGS = NO;
				SWIFT_VERSION = 5.0;
				TARGETED_DEVICE_FAMILY = "1,2";
				TEST_HOST = "$(BUILT_PRODUCTS_DIR)/Hackspaces.app/Hackspaces";
			};
			name = Release;
		};
		DF7A407128231FFE0040310A /* Debug */ = {
			isa = XCBuildConfiguration;
			buildSettings = {
				ALWAYS_EMBED_SWIFT_STANDARD_LIBRARIES = YES;
				CODE_SIGN_STYLE = Automatic;
				CURRENT_PROJECT_VERSION = 1;
				DEVELOPMENT_TEAM = 3H9LYTUKJE;
				GENERATE_INFOPLIST_FILE = YES;
				MARKETING_VERSION = 1.0;
				PRODUCT_BUNDLE_IDENTIFIER = de.sportfloh.hackspacesUITests;
				PRODUCT_NAME = "$(TARGET_NAME)";
				SWIFT_EMIT_LOC_STRINGS = NO;
				SWIFT_VERSION = 5.0;
				TARGETED_DEVICE_FAMILY = "1,2";
				TEST_TARGET_NAME = hackspaces;
			};
			name = Debug;
		};
		DF7A407228231FFE0040310A /* Release */ = {
			isa = XCBuildConfiguration;
			buildSettings = {
				ALWAYS_EMBED_SWIFT_STANDARD_LIBRARIES = YES;
				CODE_SIGN_STYLE = Automatic;
				CURRENT_PROJECT_VERSION = 1;
				DEVELOPMENT_TEAM = 3H9LYTUKJE;
				GENERATE_INFOPLIST_FILE = YES;
				MARKETING_VERSION = 1.0;
				PRODUCT_BUNDLE_IDENTIFIER = de.sportfloh.hackspacesUITests;
				PRODUCT_NAME = "$(TARGET_NAME)";
				SWIFT_EMIT_LOC_STRINGS = NO;
				SWIFT_VERSION = 5.0;
				TARGETED_DEVICE_FAMILY = "1,2";
				TEST_TARGET_NAME = hackspaces;
			};
			name = Release;
		};
/* End XCBuildConfiguration section */

/* Begin XCConfigurationList section */
		DF7A404128231FFD0040310A /* Build configuration list for PBXProject "Hackspaces" */ = {
			isa = XCConfigurationList;
			buildConfigurations = (
				DF7A406828231FFE0040310A /* Debug */,
				DF7A406928231FFE0040310A /* Release */,
			);
			defaultConfigurationIsVisible = 0;
			defaultConfigurationName = Release;
		};
		DF7A406A28231FFE0040310A /* Build configuration list for PBXNativeTarget "Hackspaces" */ = {
			isa = XCConfigurationList;
			buildConfigurations = (
				DF7A406B28231FFE0040310A /* Debug */,
				DF7A406C28231FFE0040310A /* Release */,
			);
			defaultConfigurationIsVisible = 0;
			defaultConfigurationName = Release;
		};
		DF7A406D28231FFE0040310A /* Build configuration list for PBXNativeTarget "HackspacesTests" */ = {
			isa = XCConfigurationList;
			buildConfigurations = (
				DF7A406E28231FFE0040310A /* Debug */,
				DF7A406F28231FFE0040310A /* Release */,
			);
			defaultConfigurationIsVisible = 0;
			defaultConfigurationName = Release;
		};
		DF7A407028231FFE0040310A /* Build configuration list for PBXNativeTarget "HackspacesUITests" */ = {
			isa = XCConfigurationList;
			buildConfigurations = (
				DF7A407128231FFE0040310A /* Debug */,
				DF7A407228231FFE0040310A /* Release */,
			);
			defaultConfigurationIsVisible = 0;
			defaultConfigurationName = Release;
		};
/* End XCConfigurationList section */
	};
	rootObject = DF7A403E28231FFD0040310A /* Project object */;
}
